
Microsoft Visual Studio Solution File, Format Version 12.00
# Visual Studio Version 17
VisualStudioVersion = 17.4.33103.184
MinimumVisualStudioVersion = 10.0.40219.1
Project("{FAE04EC0-301F-11D3-BF4B-00C04F79EFBC}") = "ReversingBinaryString", "ReversingBinaryString\ReversingBinaryString.csproj", "{B0258362-92BF-4B52-B35C-38F4497589B5}"
EndProject
Project("{FAE04EC0-301F-11D3-BF4B-00C04F79EFBC}") = "ReversingBinaryString.Tests", "ReversingBinaryString.Tests\ReversingBinaryString.Tests.csproj", "{8C46CADD-92B6-489F-BBAF-711D01AC09F8}"
EndProject
Global
	GlobalSection(SolutionConfigurationPlatforms) = preSolution
		Debug|Any CPU = Debug|Any CPU
		Release|Any CPU = Release|Any CPU
	EndGlobalSection
	GlobalSection(ProjectConfigurationPlatforms) = postSolution
		{B0258362-92BF-4B52-B35C-38F4497589B5}.Debug|Any CPU.ActiveCfg = Debug|Any CPU
		{B0258362-92BF-4B52-B35C-38F4497589B5}.Debug|Any CPU.Build.0 = Debug|Any CPU
		{B0258362-92BF-4B52-B35C-38F4497589B5}.Release|Any CPU.ActiveCfg = Release|Any CPU
		{B0258362-92BF-4B52-B35C-38F4497589B5}.Release|Any CPU.Build.0 = Release|Any CPU
		{8C46CADD-92B6-489F-BBAF-711D01AC09F8}.Debug|Any CPU.ActiveCfg = Debug|Any CPU
		{8C46CADD-92B6-489F-BBAF-711D01AC09F8}.Debug|Any CPU.Build.0 = Debug|Any CPU
		{8C46CADD-92B6-489F-BBAF-711D01AC09F8}.Release|Any CPU.ActiveCfg = Release|Any CPU
		{8C46CADD-92B6-489F-BBAF-711D01AC09F8}.Release|Any CPU.Build.0 = Release|Any CPU
	EndGlobalSection
	GlobalSection(SolutionProperties) = preSolution
		HideSolutionNode = FALSE
	EndGlobalSection
	GlobalSection(ExtensibilityGlobals) = postSolution
		SolutionGuid = {2EF5E312-376B-4096-BC61-DA13FF8487A5}
	EndGlobalSection
EndGlobal
